{
    "_meta": {
        "hash": {
            "sha256": "1a3f43282a6a10afcb0585570988ff20dd179a4aa8ad9e68884cdcaf6ce6e43e"
        },
        "pipfile-spec": 6,
        "requires": {
            "python_version": "3.7"
        },
        "sources": [
            {
                "name": "kot_brodskogo",
                "url": "https://github.com/rybakisa/kot_brodskogo",
                "verify_ssl": true
            }
        ]
    },
    "default": {
        "chardet": {
            "index": "kot_brodskogo",
            "version": "==3.0.4"
        },
        "django": {
            "index": "kot_brodskogo",
            "version": "==2.1.2"
        },
        "pillow": {
            "index": "kot_brodskogo",
            "version": "==5.3.0"
        },
        "pypugjs": {
            "index": "kot_brodskogo",
            "version": "==5.7.2"
        },
        "pytz": {
            "index": "kot_brodskogo",
            "version": "==2018.6"
        },
        "six": {
            "index": "kot_brodskogo",
            "version": "==1.11.0"
        }
    },
    "develop": {}
}
